
Microsoft Visual Studio Solution File, Format Version 12.00
# Visual Studio Version 17
VisualStudioVersion = 17.9.34622.214
MinimumVisualStudioVersion = 10.0.40219.1
Project("{FAE04EC0-301F-11D3-BF4B-00C04F79EFBC}") = "Generics", "Generics\Generics.csproj", "{E5DED86D-56C5-457D-8D12-00605CAC3E7A}"
EndProject
Global
	GlobalSection(SolutionConfigurationPlatforms) = preSolution
		Debug|Any CPU = Debug|Any CPU
		Release|Any CPU = Release|Any CPU
	EndGlobalSection
	GlobalSection(ProjectConfigurationPlatforms) = postSolution
		{E5DED86D-56C5-457D-8D12-00605CAC3E7A}.Debug|Any CPU.ActiveCfg = Debug|Any CPU
		{E5DED86D-56C5-457D-8D12-00605CAC3E7A}.Debug|Any CPU.Build.0 = Debug|Any CPU
		{E5DED86D-56C5-457D-8D12-00605CAC3E7A}.Release|Any CPU.ActiveCfg = Release|Any CPU
		{E5DED86D-56C5-457D-8D12-00605CAC3E7A}.Release|Any CPU.Build.0 = Release|Any CPU
	EndGlobalSection
	GlobalSection(SolutionProperties) = preSolution
		HideSolutionNode = FALSE
	EndGlobalSection
	GlobalSection(ExtensibilityGlobals) = postSolution
		SolutionGuid = {24D06F8E-711A-45E9-AF91-837E26D40533}
	EndGlobalSection
EndGlobal
